
Microsoft Visual Studio Solution File, Format Version 12.00
# Visual Studio Version 17
VisualStudioVersion = 17.9.34728.123
MinimumVisualStudioVersion = 10.0.40219.1
Project("{FAE04EC0-301F-11D3-BF4B-00C04F79EFBC}") = "NunitDemonstration", "NunitDemonstration\NunitDemonstration.csproj", "{762044C0-A232-4A71-868C-EAFBFD2AAE7F}"
EndProject
Project("{FAE04EC0-301F-11D3-BF4B-00C04F79EFBC}") = "TestClass", "TestClass\TestClass.csproj", "{8E0DBD20-E16D-4C82-8069-7D3B2F7C62AF}"
EndProject
Global
	GlobalSection(SolutionConfigurationPlatforms) = preSolution
		Debug|Any CPU = Debug|Any CPU
		Release|Any CPU = Release|Any CPU
	EndGlobalSection
	GlobalSection(ProjectConfigurationPlatforms) = postSolution
		{762044C0-A232-4A71-868C-EAFBFD2AAE7F}.Debug|Any CPU.ActiveCfg = Debug|Any CPU
		{762044C0-A232-4A71-868C-EAFBFD2AAE7F}.Debug|Any CPU.Build.0 = Debug|Any CPU
		{762044C0-A232-4A71-868C-EAFBFD2AAE7F}.Release|Any CPU.ActiveCfg = Release|Any CPU
		{762044C0-A232-4A71-868C-EAFBFD2AAE7F}.Release|Any CPU.Build.0 = Release|Any CPU
		{8E0DBD20-E16D-4C82-8069-7D3B2F7C62AF}.Debug|Any CPU.ActiveCfg = Debug|Any CPU
		{8E0DBD20-E16D-4C82-8069-7D3B2F7C62AF}.Debug|Any CPU.Build.0 = Debug|Any CPU
		{8E0DBD20-E16D-4C82-8069-7D3B2F7C62AF}.Release|Any CPU.ActiveCfg = Release|Any CPU
		{8E0DBD20-E16D-4C82-8069-7D3B2F7C62AF}.Release|Any CPU.Build.0 = Release|Any CPU
	EndGlobalSection
	GlobalSection(SolutionProperties) = preSolution
		HideSolutionNode = FALSE
	EndGlobalSection
	GlobalSection(ExtensibilityGlobals) = postSolution
		SolutionGuid = {40F77CB4-F881-4F44-9353-98D358C79E17}
	EndGlobalSection
EndGlobal
